// !$*UTF8*$!
{
	archiveVersion = 1;
	classes = {
	};
	objectVersion = 46;
	objects = {

/* Begin PBXBuildFile section */
		00ECE02117AF423E008B385F /* UIKit.framework in Frameworks */ = {isa = PBXBuildFile; fileRef = 00ECE02017AF423E008B385F /* UIKit.framework */; };
		00ECE02317AF423E008B385F /* Foundation.framework in Frameworks */ = {isa = PBXBuildFile; fileRef = 00ECE02217AF423E008B385F /* Foundation.framework */; };
		00ECE02517AF423E008B385F /* CoreGraphics.framework in Frameworks */ = {isa = PBXBuildFile; fileRef = 00ECE02417AF423E008B385F /* CoreGraphics.framework */; };
		00ECE02B17AF423E008B385F /* InfoPlist.strings in Resources */ = {isa = PBXBuildFile; fileRef = 00ECE02917AF423E008B385F /* InfoPlist.strings */; };
		00ECE02D17AF423E008B385F /* main.m in Sources */ = {isa = PBXBuildFile; fileRef = 00ECE02C17AF423E008B385F /* main.m */; };
		00ECE03117AF423E008B385F /* AppDelegate.m in Sources */ = {isa = PBXBuildFile; fileRef = 00ECE03017AF423E008B385F /* AppDelegate.m */; };
		00ECE03A17AF423E008B385F /* ViewController.m in Sources */ = {isa = PBXBuildFile; fileRef = 00ECE03917AF423E008B385F /* ViewController.m */; };
		00ECE03D17AF423E008B385F /* ViewController.xib in Resources */ = {isa = PBXBuildFile; fileRef = 00ECE03B17AF423E008B385F /* ViewController.xib */; };
		00ECE04417AF42AA008B385F /* thingLogo.png in Resources */ = {isa = PBXBuildFile; fileRef = 00ECE04317AF42AA008B385F /* thingLogo.png */; };
		00ECE04A17AF42CF008B385F /* Default.png in Resources */ = {isa = PBXBuildFile; fileRef = 00ECE04917AF42CF008B385F /* Default.png */; };
		00ECE04C17AF42D5008B385F /* Default@2x.png in Resources */ = {isa = PBXBuildFile; fileRef = 00ECE04B17AF42D5008B385F /* Default@2x.png */; };
		00ECE04E17AF42D7008B385F /* Default-568h@2x.png in Resources */ = {isa = PBXBuildFile; fileRef = 00ECE04D17AF42D7008B385F /* Default-568h@2x.png */; };
		00ECE05017AF4416008B385F /* arrow.png in Resources */ = {isa = PBXBuildFile; fileRef = 00ECE04F17AF4416008B385F /* arrow.png */; };
		00ECE05217AF4656008B385F /* Icon.png in Resources */ = {isa = PBXBuildFile; fileRef = 00ECE05117AF4656008B385F /* Icon.png */; };
		00ECE05417AF465D008B385F /* Icon@2x.png in Resources */ = {isa = PBXBuildFile; fileRef = 00ECE05317AF465D008B385F /* Icon@2x.png */; };
		00ECE05617AF46EE008B385F /* CoreMotion.framework in Frameworks */ = {isa = PBXBuildFile; fileRef = 00ECE05517AF46EE008B385F /* CoreMotion.framework */; };
		00ECE05917AF4A15008B385F /* GCDAsyncUdpSocket.m in Sources */ = {isa = PBXBuildFile; fileRef = 00ECE05817AF4A15008B385F /* GCDAsyncUdpSocket.m */; };
/* End PBXBuildFile section */

/* Begin PBXFileReference section */
		00ECE01D17AF423E008B385F /* TSRP.app */ = {isa = PBXFileReference; explicitFileType = wrapper.application; includeInIndex = 0; path = TSRP.app; sourceTree = BUILT_PRODUCTS_DIR; };
		00ECE02017AF423E008B385F /* UIKit.framework */ = {isa = PBXFileReference; lastKnownFileType = wrapper.framework; name = UIKit.framework; path = System/Library/Frameworks/UIKit.framework; sourceTree = SDKROOT; };
		00ECE02217AF423E008B385F /* Foundation.framework */ = {isa = PBXFileReference; lastKnownFileType = wrapper.framework; name = Foundation.framework; path = System/Library/Frameworks/Foundation.framework; sourceTree = SDKROOT; };
		00ECE02417AF423E008B385F /* CoreGraphics.framework */ = {isa = PBXFileReference; lastKnownFileType = wrapper.framework; name = CoreGraphics.framework; path = System/Library/Frameworks/CoreGraphics.framework; sourceTree = SDKROOT; };
		00ECE02817AF423E008B385F /* TSRP-Info.plist */ = {isa = PBXFileReference; lastKnownFileType = text.plist.xml; path = "TSRP-Info.plist"; sourceTree = "<group>"; };
		00ECE02A17AF423E008B385F /* en */ = {isa = PBXFileReference; lastKnownFileType = text.plist.strings; name = en; path = en.lproj/InfoPlist.strings; sourceTree = "<group>"; };
		00ECE02C17AF423E008B385F /* main.m */ = {isa = PBXFileReference; lastKnownFileType = sourcecode.c.objc; path = main.m; sourceTree = "<group>"; };
		00ECE02E17AF423E008B385F /* TSRP-Prefix.pch */ = {isa = PBXFileReference; lastKnownFileType = sourcecode.c.h; path = "TSRP-Prefix.pch"; sourceTree = "<group>"; };
		00ECE02F17AF423E008B385F /* AppDelegate.h */ = {isa = PBXFileReference; lastKnownFileType = sourcecode.c.h; path = AppDelegate.h; sourceTree = "<group>"; };
		00ECE03017AF423E008B385F /* AppDelegate.m */ = {isa = PBXFileReference; lastKnownFileType = sourcecode.c.objc; path = AppDelegate.m; sourceTree = "<group>"; };
		00ECE03817AF423E008B385F /* ViewController.h */ = {isa = PBXFileReference; lastKnownFileType = sourcecode.c.h; path = ViewController.h; sourceTree = "<group>"; };
		00ECE03917AF423E008B385F /* ViewController.m */ = {isa = PBXFileReference; lastKnownFileType = sourcecode.c.objc; path = ViewController.m; sourceTree = "<group>"; };
		00ECE03C17AF423E008B385F /* en */ = {isa = PBXFileReference; lastKnownFileType = file.xib; name = en; path = en.lproj/ViewController.xib; sourceTree = "<group>"; };
		00ECE04317AF42AA008B385F /* thingLogo.png */ = {isa = PBXFileReference; lastKnownFileType = image.png; path = thingLogo.png; sourceTree = "<group>"; };
		00ECE04917AF42CF008B385F /* Default.png */ = {isa = PBXFileReference; lastKnownFileType = image.png; name = Default.png; path = ../Default.png; sourceTree = "<group>"; };
		00ECE04B17AF42D5008B385F /* Default@2x.png */ = {isa = PBXFileReference; lastKnownFileType = image.png; name = "Default@2x.png"; path = "../Default@2x.png"; sourceTree = "<group>"; };
		00ECE04D17AF42D7008B385F /* Default-568h@2x.png */ = {isa = PBXFileReference; lastKnownFileType = image.png; name = "Default-568h@2x.png"; path = "../Default-568h@2x.png"; sourceTree = "<group>"; };
		00ECE04F17AF4416008B385F /* arrow.png */ = {isa = PBXFileReference; lastKnownFileType = image.png; path = arrow.png; sourceTree = "<group>"; };
		00ECE05117AF4656008B385F /* Icon.png */ = {isa = PBXFileReference; lastKnownFileType = image.png; name = Icon.png; path = ../Icon.png; sourceTree = "<group>"; };
		00ECE05317AF465D008B385F /* Icon@2x.png */ = {isa = PBXFileReference; lastKnownFileType = image.png; name = "Icon@2x.png"; path = "../Icon@2x.png"; sourceTree = "<group>"; };
		00ECE05517AF46EE008B385F /* CoreMotion.framework */ = {isa = PBXFileReference; lastKnownFileType = wrapper.framework; name = CoreMotion.framework; path = System/Library/Frameworks/CoreMotion.framework; sourceTree = SDKROOT; };
		00ECE05717AF4A15008B385F /* GCDAsyncUdpSocket.h */ = {isa = PBXFileReference; fileEncoding = 4; lastKnownFileType = sourcecode.c.h; path = GCDAsyncUdpSocket.h; sourceTree = "<group>"; };
		00ECE05817AF4A15008B385F /* GCDAsyncUdpSocket.m */ = {isa = PBXFileReference; fileEncoding = 4; lastKnownFileType = sourcecode.c.objc; path = GCDAsyncUdpSocket.m; sourceTree = "<group>"; };
/* End PBXFileReference section */

/* Begin PBXFrameworksBuildPhase section */
		00ECE01A17AF423E008B385F /* Frameworks */ = {
			isa = PBXFrameworksBuildPhase;
			buildActionMask = 2147483647;
			files = (
				00ECE05617AF46EE008B385F /* CoreMotion.framework in Frameworks */,
				00ECE02117AF423E008B385F /* UIKit.framework in Frameworks */,
				00ECE02317AF423E008B385F /* Foundation.framework in Frameworks */,
				00ECE02517AF423E008B385F /* CoreGraphics.framework in Frameworks */,
			);
			runOnlyForDeploymentPostprocessing = 0;
		};
/* End PBXFrameworksBuildPhase section */

/* Begin PBXGroup section */
		00ECE01417AF423E008B385F = {
			isa = PBXGroup;
			children = (
				00ECE02617AF423E008B385F /* TSRP */,
				00ECE01F17AF423E008B385F /* Frameworks */,
				00ECE01E17AF423E008B385F /* Products */,
			);
			sourceTree = "<group>";
		};
		00ECE01E17AF423E008B385F /* Products */ = {
			isa = PBXGroup;
			children = (
				00ECE01D17AF423E008B385F /* TSRP.app */,
			);
			name = Products;
			sourceTree = "<group>";
		};
		00ECE01F17AF423E008B385F /* Frameworks */ = {
			isa = PBXGroup;
			children = (
				00ECE02017AF423E008B385F /* UIKit.framework */,
				00ECE02217AF423E008B385F /* Foundation.framework */,
				00ECE02417AF423E008B385F /* CoreGraphics.framework */,
				00ECE05517AF46EE008B385F /* CoreMotion.framework */,
			);
			name = Frameworks;
			sourceTree = "<group>";
		};
		00ECE02617AF423E008B385F /* TSRP */ = {
			isa = PBXGroup;
			children = (
				00ECE02F17AF423E008B385F /* AppDelegate.h */,
				00ECE03017AF423E008B385F /* AppDelegate.m */,
				00ECE03817AF423E008B385F /* ViewController.h */,
				00ECE03917AF423E008B385F /* ViewController.m */,
				00ECE03B17AF423E008B385F /* ViewController.xib */,
				00ECE05717AF4A15008B385F /* GCDAsyncUdpSocket.h */,
				00ECE05817AF4A15008B385F /* GCDAsyncUdpSocket.m */,
				00ECE02717AF423E008B385F /* Supporting Files */,
			);
			path = TSRP;
			sourceTree = "<group>";
		};
		00ECE02717AF423E008B385F /* Supporting Files */ = {
			isa = PBXGroup;
			children = (
				00ECE04317AF42AA008B385F /* thingLogo.png */,
				00ECE04F17AF4416008B385F /* arrow.png */,
				00ECE02817AF423E008B385F /* TSRP-Info.plist */,
				00ECE02917AF423E008B385F /* InfoPlist.strings */,
				00ECE02C17AF423E008B385F /* main.m */,
				00ECE02E17AF423E008B385F /* TSRP-Prefix.pch */,
				00ECE04D17AF42D7008B385F /* Default-568h@2x.png */,
				00ECE04B17AF42D5008B385F /* Default@2x.png */,
				00ECE04917AF42CF008B385F /* Default.png */,
				00ECE05317AF465D008B385F /* Icon@2x.png */,
				00ECE05117AF4656008B385F /* Icon.png */,
			);
			name = "Supporting Files";
			sourceTree = "<group>";
		};
/* End PBXGroup section */

/* Begin PBXNativeTarget section */
		00ECE01C17AF423E008B385F /* TSRP */ = {
			isa = PBXNativeTarget;
			buildConfigurationList = 00ECE04017AF423E008B385F /* Build configuration list for PBXNativeTarget "TSRP" */;
			buildPhases = (
				00ECE01917AF423E008B385F /* Sources */,
				00ECE01A17AF423E008B385F /* Frameworks */,
				00ECE01B17AF423E008B385F /* Resources */,
			);
			buildRules = (
			);
			dependencies = (
			);
			name = TSRP;
			productName = TSRP;
			productReference = 00ECE01D17AF423E008B385F /* TSRP.app */;
			productType = "com.apple.product-type.application";
		};
/* End PBXNativeTarget section */

/* Begin PBXProject section */
		00ECE01517AF423E008B385F /* Project object */ = {
			isa = PBXProject;
			attributes = {
				LastUpgradeCheck = 0460;
				ORGANIZATIONNAME = "Babilim Light Industries";
			};
			buildConfigurationList = 00ECE01817AF423E008B385F /* Build configuration list for PBXProject "TSRP" */;
			compatibilityVersion = "Xcode 3.2";
			developmentRegion = English;
			hasScannedForEncodings = 0;
			knownRegions = (
				en,
			);
			mainGroup = 00ECE01417AF423E008B385F;
			productRefGroup = 00ECE01E17AF423E008B385F /* Products */;
			projectDirPath = "";
			projectRoot = "";
			targets = (
				00ECE01C17AF423E008B385F /* TSRP */,
			);
		};
/* End PBXProject section */

/* Begin PBXResourcesBuildPhase section */
		00ECE01B17AF423E008B385F /* Resources */ = {
			isa = PBXResourcesBuildPhase;
			buildActionMask = 2147483647;
			files = (
				00ECE02B17AF423E008B385F /* InfoPlist.strings in Resources */,
				00ECE03D17AF423E008B385F /* ViewController.xib in Resources */,
				00ECE04417AF42AA008B385F /* thingLogo.png in Resources */,
				00ECE04A17AF42CF008B385F /* Default.png in Resources */,
				00ECE04C17AF42D5008B385F /* Default@2x.png in Resources */,
				00ECE04E17AF42D7008B385F /* Default-568h@2x.png in Resources */,
				00ECE05017AF4416008B385F /* arrow.png in Resources */,
				00ECE05217AF4656008B385F /* Icon.png in Resources */,
				00ECE05417AF465D008B385F /* Icon@2x.png in Resources */,
			);
			runOnlyForDeploymentPostprocessing = 0;
		};
/* End PBXResourcesBuildPhase section */

/* Begin PBXSourcesBuildPhase section */
		00ECE01917AF423E008B385F /* Sources */ = {
			isa = PBXSourcesBuildPhase;
			buildActionMask = 2147483647;
			files = (
				00ECE02D17AF423E008B385F /* main.m in Sources */,
				00ECE03117AF423E008B385F /* AppDelegate.m in Sources */,
				00ECE03A17AF423E008B385F /* ViewController.m in Sources */,
				00ECE05917AF4A15008B385F /* GCDAsyncUdpSocket.m in Sources */,
			);
			runOnlyForDeploymentPostprocessing = 0;
		};
/* End PBXSourcesBuildPhase section */

/* Begin PBXVariantGroup section */
		00ECE02917AF423E008B385F /* InfoPlist.strings */ = {
			isa = PBXVariantGroup;
			children = (
				00ECE02A17AF423E008B385F /* en */,
			);
			name = InfoPlist.strings;
			sourceTree = "<group>";
		};
		00ECE03B17AF423E008B385F /* ViewController.xib */ = {
			isa = PBXVariantGroup;
			children = (
				00ECE03C17AF423E008B385F /* en */,
			);
			name = ViewController.xib;
			sourceTree = "<group>";
		};
/* End PBXVariantGroup section */

/* Begin XCBuildConfiguration section */
		00ECE03E17AF423E008B385F /* Debug */ = {
			isa = XCBuildConfiguration;
			buildSettings = {
				ALWAYS_SEARCH_USER_PATHS = NO;
				CLANG_CXX_LANGUAGE_STANDARD = "gnu++0x";
				CLANG_CXX_LIBRARY = "libc++";
				CLANG_ENABLE_OBJC_ARC = YES;
				CLANG_WARN_CONSTANT_CONVERSION = YES;
				CLANG_WARN_EMPTY_BODY = YES;
				CLANG_WARN_ENUM_CONVERSION = YES;
				CLANG_WARN_INT_CONVERSION = YES;
				CLANG_WARN__DUPLICATE_METHOD_MATCH = YES;
				"CODE_SIGN_IDENTITY[sdk=iphoneos*]" = "iPhone Developer";
				COPY_PHASE_STRIP = NO;
				GCC_C_LANGUAGE_STANDARD = gnu99;
				GCC_DYNAMIC_NO_PIC = NO;
				GCC_OPTIMIZATION_LEVEL = 0;
				GCC_PREPROCESSOR_DEFINITIONS = (
					"DEBUG=1",
					"$(inherited)",
				);
				GCC_SYMBOLS_PRIVATE_EXTERN = NO;
				GCC_WARN_ABOUT_RETURN_TYPE = YES;
				GCC_WARN_UNINITIALIZED_AUTOS = YES;
				GCC_WARN_UNUSED_VARIABLE = YES;
				IPHONEOS_DEPLOYMENT_TARGET = 6.1;
				ONLY_ACTIVE_ARCH = YES;
				SDKROOT = iphoneos;
			};
			name = Debug;
		};
		00ECE03F17AF423E008B385F /* Release */ = {
			isa = XCBuildConfiguration;
			buildSettings = {
				ALWAYS_SEARCH_USER_PATHS = NO;
				CLANG_CXX_LANGUAGE_STANDARD = "gnu++0x";
				CLANG_CXX_LIBRARY = "libc++";
				CLANG_ENABLE_OBJC_ARC = YES;
				CLANG_WARN_CONSTANT_CONVERSION = YES;
				CLANG_WARN_EMPTY_BODY = YES;
				CLANG_WARN_ENUM_CONVERSION = YES;
				CLANG_WARN_INT_CONVERSION = YES;
				CLANG_WARN__DUPLICATE_METHOD_MATCH = YES;
				"CODE_SIGN_IDENTITY[sdk=iphoneos*]" = "iPhone Developer";
				COPY_PHASE_STRIP = YES;
				GCC_C_LANGUAGE_STANDARD = gnu99;
				GCC_WARN_ABOUT_RETURN_TYPE = YES;
				GCC_WARN_UNINITIALIZED_AUTOS = YES;
				GCC_WARN_UNUSED_VARIABLE = YES;
				IPHONEOS_DEPLOYMENT_TARGET = 6.1;
				OTHER_CFLAGS = "-DNS_BLOCK_ASSERTIONS=1";
				SDKROOT = iphoneos;
				VALIDATE_PRODUCT = YES;
			};
			name = Release;
		};
		00ECE04117AF423E008B385F /* Debug */ = {
			isa = XCBuildConfiguration;
			buildSettings = {
				GCC_PRECOMPILE_PREFIX_HEADER = YES;
				GCC_PREFIX_HEADER = "TSRP/TSRP-Prefix.pch";
				INFOPLIST_FILE = "TSRP/TSRP-Info.plist";
				PRODUCT_NAME = "$(TARGET_NAME)";
				WRAPPER_EXTENSION = app;
			};
			name = Debug;
		};
		00ECE04217AF423E008B385F /* Release */ = {
			isa = XCBuildConfiguration;
			buildSettings = {
				GCC_PRECOMPILE_PREFIX_HEADER = YES;
				GCC_PREFIX_HEADER = "TSRP/TSRP-Prefix.pch";
				INFOPLIST_FILE = "TSRP/TSRP-Info.plist";
				PRODUCT_NAME = "$(TARGET_NAME)";
				WRAPPER_EXTENSION = app;
			};
			name = Release;
		};
/* End XCBuildConfiguration section */

/* Begin XCConfigurationList section */
		00ECE01817AF423E008B385F /* Build configuration list for PBXProject "TSRP" */ = {
			isa = XCConfigurationList;
			buildConfigurations = (
				00ECE03E17AF423E008B385F /* Debug */,
				00ECE03F17AF423E008B385F /* Release */,
			);
			defaultConfigurationIsVisible = 0;
			defaultConfigurationName = Release;
		};
		00ECE04017AF423E008B385F /* Build configuration list for PBXNativeTarget "TSRP" */ = {
			isa = XCConfigurationList;
			buildConfigurations = (
				00ECE04117AF423E008B385F /* Debug */,
				00ECE04217AF423E008B385F /* Release */,
			);
			defaultConfigurationIsVisible = 0;
			defaultConfigurationName = Release;
		};
/* End XCConfigurationList section */
	};
	rootObject = 00ECE01517AF423E008B385F /* Project object */;
}
